
Microsoft Visual Studio Solution File, Format Version 12.00
# Visual Studio Version 17
VisualStudioVersion = 17.2.32630.192
MinimumVisualStudioVersion = 10.0.40219.1
Project("{2150E333-8FDC-42A3-9474-1A3956D46DE8}") = "src", "src", "{72D748EC-410C-4D73-A84E-2CC8E269BDA1}"
EndProject
Project("{FAE04EC0-301F-11D3-BF4B-00C04F79EFBC}") = "EphemerisMapper", "src\EphemerisMapper\EphemerisMapper.csproj", "{410987D7-0D26-4661-9E6F-56C4EA26BCA7}"
EndProject
Project("{2150E333-8FDC-42A3-9474-1A3956D46DE8}") = "tests", "tests", "{529B8031-CD29-4305-B4FD-09B2528CE43A}"
EndProject
Project("{FAE04EC0-301F-11D3-BF4B-00C04F79EFBC}") = "EphemerisMapperTest", "tests\EphemerisMapperTest\EphemerisMapperTest.csproj", "{9A4F7F78-D764-43B1-98D5-086EFF395CCA}"
EndProject
Project("{FAE04EC0-301F-11D3-BF4B-00C04F79EFBC}") = "AstroTools.CelestialObjects", "src\AstroTools.CelestialObjects\AstroTools.CelestialObjects.csproj", "{6BC7D8B9-B880-4CD3-927D-AB4ADA287590}"
EndProject
Project("{FAE04EC0-301F-11D3-BF4B-00C04F79EFBC}") = "AstroTools.Common", "src\AstroTools.Common\AstroTools.Common.csproj", "{7D4669C6-4A9A-421A-B0C3-33BBD21C7438}"
EndProject
Project("{FAE04EC0-301F-11D3-BF4B-00C04F79EFBC}") = "AstroTools.Zodiac", "src\AstroTools.Zodiac\AstroTools.Zodiac.csproj", "{0D7B25DB-69BE-4118-ABD5-57AC177EBAB7}"
EndProject
Project("{FAE04EC0-301F-11D3-BF4B-00C04F79EFBC}") = "AstroTools.Ephemerides", "src\AstroTools.Ephemerides\AstroTools.Ephemerides.csproj", "{F210BC72-1E0C-4722-9468-BF1D7867ADBF}"
EndProject
Project("{FAE04EC0-301F-11D3-BF4B-00C04F79EFBC}") = "AstroTools.Events", "src\AstroTools.Events\AstroTools.Events.csproj", "{87525224-9A8C-4D5D-BC66-A401B9235B3E}"
EndProject
Global
	GlobalSection(SolutionConfigurationPlatforms) = preSolution
		Debug|Any CPU = Debug|Any CPU
		Release|Any CPU = Release|Any CPU
	EndGlobalSection
	GlobalSection(ProjectConfigurationPlatforms) = postSolution
		{410987D7-0D26-4661-9E6F-56C4EA26BCA7}.Debug|Any CPU.ActiveCfg = Debug|Any CPU
		{410987D7-0D26-4661-9E6F-56C4EA26BCA7}.Debug|Any CPU.Build.0 = Debug|Any CPU
		{410987D7-0D26-4661-9E6F-56C4EA26BCA7}.Release|Any CPU.ActiveCfg = Release|Any CPU
		{410987D7-0D26-4661-9E6F-56C4EA26BCA7}.Release|Any CPU.Build.0 = Release|Any CPU
		{9A4F7F78-D764-43B1-98D5-086EFF395CCA}.Debug|Any CPU.ActiveCfg = Debug|Any CPU
		{9A4F7F78-D764-43B1-98D5-086EFF395CCA}.Debug|Any CPU.Build.0 = Debug|Any CPU
		{9A4F7F78-D764-43B1-98D5-086EFF395CCA}.Release|Any CPU.ActiveCfg = Release|Any CPU
		{9A4F7F78-D764-43B1-98D5-086EFF395CCA}.Release|Any CPU.Build.0 = Release|Any CPU
		{6BC7D8B9-B880-4CD3-927D-AB4ADA287590}.Debug|Any CPU.ActiveCfg = Debug|Any CPU
		{6BC7D8B9-B880-4CD3-927D-AB4ADA287590}.Debug|Any CPU.Build.0 = Debug|Any CPU
		{6BC7D8B9-B880-4CD3-927D-AB4ADA287590}.Release|Any CPU.ActiveCfg = Release|Any CPU
		{6BC7D8B9-B880-4CD3-927D-AB4ADA287590}.Release|Any CPU.Build.0 = Release|Any CPU
		{7D4669C6-4A9A-421A-B0C3-33BBD21C7438}.Debug|Any CPU.ActiveCfg = Debug|Any CPU
		{7D4669C6-4A9A-421A-B0C3-33BBD21C7438}.Debug|Any CPU.Build.0 = Debug|Any CPU
		{7D4669C6-4A9A-421A-B0C3-33BBD21C7438}.Release|Any CPU.ActiveCfg = Release|Any CPU
		{7D4669C6-4A9A-421A-B0C3-33BBD21C7438}.Release|Any CPU.Build.0 = Release|Any CPU
		{0D7B25DB-69BE-4118-ABD5-57AC177EBAB7}.Debug|Any CPU.ActiveCfg = Debug|Any CPU
		{0D7B25DB-69BE-4118-ABD5-57AC177EBAB7}.Debug|Any CPU.Build.0 = Debug|Any CPU
		{0D7B25DB-69BE-4118-ABD5-57AC177EBAB7}.Release|Any CPU.ActiveCfg = Release|Any CPU
		{0D7B25DB-69BE-4118-ABD5-57AC177EBAB7}.Release|Any CPU.Build.0 = Release|Any CPU
		{F210BC72-1E0C-4722-9468-BF1D7867ADBF}.Debug|Any CPU.ActiveCfg = Debug|Any CPU
		{F210BC72-1E0C-4722-9468-BF1D7867ADBF}.Debug|Any CPU.Build.0 = Debug|Any CPU
		{F210BC72-1E0C-4722-9468-BF1D7867ADBF}.Release|Any CPU.ActiveCfg = Release|Any CPU
		{F210BC72-1E0C-4722-9468-BF1D7867ADBF}.Release|Any CPU.Build.0 = Release|Any CPU
		{87525224-9A8C-4D5D-BC66-A401B9235B3E}.Debug|Any CPU.ActiveCfg = Debug|Any CPU
		{87525224-9A8C-4D5D-BC66-A401B9235B3E}.Debug|Any CPU.Build.0 = Debug|Any CPU
		{87525224-9A8C-4D5D-BC66-A401B9235B3E}.Release|Any CPU.ActiveCfg = Release|Any CPU
		{87525224-9A8C-4D5D-BC66-A401B9235B3E}.Release|Any CPU.Build.0 = Release|Any CPU
	EndGlobalSection
	GlobalSection(SolutionProperties) = preSolution
		HideSolutionNode = FALSE
	EndGlobalSection
	GlobalSection(ExtensibilityGlobals) = postSolution
		SolutionGuid = {485026A0-B5BC-4C35-B9D6-8175BB35931D}
	EndGlobalSection
	GlobalSection(NestedProjects) = preSolution
		{410987D7-0D26-4661-9E6F-56C4EA26BCA7} = {72D748EC-410C-4D73-A84E-2CC8E269BDA1}
		{9A4F7F78-D764-43B1-98D5-086EFF395CCA} = {529B8031-CD29-4305-B4FD-09B2528CE43A}
		{6BC7D8B9-B880-4CD3-927D-AB4ADA287590} = {72D748EC-410C-4D73-A84E-2CC8E269BDA1}
		{7D4669C6-4A9A-421A-B0C3-33BBD21C7438} = {72D748EC-410C-4D73-A84E-2CC8E269BDA1}
		{0D7B25DB-69BE-4118-ABD5-57AC177EBAB7} = {72D748EC-410C-4D73-A84E-2CC8E269BDA1}
		{F210BC72-1E0C-4722-9468-BF1D7867ADBF} = {72D748EC-410C-4D73-A84E-2CC8E269BDA1}
		{87525224-9A8C-4D5D-BC66-A401B9235B3E} = {72D748EC-410C-4D73-A84E-2CC8E269BDA1}
	EndGlobalSection
EndGlobal
